
Microsoft Visual Studio Solution File, Format Version 12.00
# Visual Studio Version 17
VisualStudioVersion = 17.0.31903.59
MinimumVisualStudioVersion = 10.0.40219.1
Project("{2150E333-8FDC-42A3-9474-1A3956D46DE8}") = "Assignment", "Assignment", "{9AD56520-CC69-D13B-DD50-24A91D5BFBA7}"
EndProject
Project("{2150E333-8FDC-42A3-9474-1A3956D46DE8}") = "Server", "Server", "{49459708-C829-B631-186C-35AE89C6EB46}"
EndProject
Project("{FAE04EC0-301F-11D3-BF4B-00C04F79EFBC}") = "Entities", "Assignment\Server\Entities\Entities.csproj", "{E58BBFB2-6EC9-439C-9C08-96669628E4A4}"
EndProject
Project("{FAE04EC0-301F-11D3-BF4B-00C04F79EFBC}") = "RepositoryContracts", "Assignment\Server\RepositoryContracts\RepositoryContracts.csproj", "{F6329844-3B84-43CF-B188-A2FBF2E0950E}"
EndProject
Project("{FAE04EC0-301F-11D3-BF4B-00C04F79EFBC}") = "InMemoryRepositories", "Assignment\Server\InMemoryRepositories\InMemoryRepositories.csproj", "{4F405059-D1B8-42F5-8F1C-0B193B133B5F}"
EndProject
Global
	GlobalSection(SolutionConfigurationPlatforms) = preSolution
		Debug|Any CPU = Debug|Any CPU
		Debug|x64 = Debug|x64
		Debug|x86 = Debug|x86
		Release|Any CPU = Release|Any CPU
		Release|x64 = Release|x64
		Release|x86 = Release|x86
	EndGlobalSection
	GlobalSection(ProjectConfigurationPlatforms) = postSolution
		{E58BBFB2-6EC9-439C-9C08-96669628E4A4}.Debug|Any CPU.ActiveCfg = Debug|Any CPU
		{E58BBFB2-6EC9-439C-9C08-96669628E4A4}.Debug|Any CPU.Build.0 = Debug|Any CPU
		{E58BBFB2-6EC9-439C-9C08-96669628E4A4}.Debug|x64.ActiveCfg = Debug|Any CPU
		{E58BBFB2-6EC9-439C-9C08-96669628E4A4}.Debug|x64.Build.0 = Debug|Any CPU
		{E58BBFB2-6EC9-439C-9C08-96669628E4A4}.Debug|x86.ActiveCfg = Debug|Any CPU
		{E58BBFB2-6EC9-439C-9C08-96669628E4A4}.Debug|x86.Build.0 = Debug|Any CPU
		{E58BBFB2-6EC9-439C-9C08-96669628E4A4}.Release|Any CPU.ActiveCfg = Release|Any CPU
		{E58BBFB2-6EC9-439C-9C08-96669628E4A4}.Release|Any CPU.Build.0 = Release|Any CPU
		{E58BBFB2-6EC9-439C-9C08-96669628E4A4}.Release|x64.ActiveCfg = Release|Any CPU
		{E58BBFB2-6EC9-439C-9C08-96669628E4A4}.Release|x64.Build.0 = Release|Any CPU
		{E58BBFB2-6EC9-439C-9C08-96669628E4A4}.Release|x86.ActiveCfg = Release|Any CPU
		{E58BBFB2-6EC9-439C-9C08-96669628E4A4}.Release|x86.Build.0 = Release|Any CPU
		{F6329844-3B84-43CF-B188-A2FBF2E0950E}.Debug|Any CPU.ActiveCfg = Debug|Any CPU
		{F6329844-3B84-43CF-B188-A2FBF2E0950E}.Debug|Any CPU.Build.0 = Debug|Any CPU
		{F6329844-3B84-43CF-B188-A2FBF2E0950E}.Debug|x64.ActiveCfg = Debug|Any CPU
		{F6329844-3B84-43CF-B188-A2FBF2E0950E}.Debug|x64.Build.0 = Debug|Any CPU
		{F6329844-3B84-43CF-B188-A2FBF2E0950E}.Debug|x86.ActiveCfg = Debug|Any CPU
		{F6329844-3B84-43CF-B188-A2FBF2E0950E}.Debug|x86.Build.0 = Debug|Any CPU
		{F6329844-3B84-43CF-B188-A2FBF2E0950E}.Release|Any CPU.ActiveCfg = Release|Any CPU
		{F6329844-3B84-43CF-B188-A2FBF2E0950E}.Release|Any CPU.Build.0 = Release|Any CPU
		{F6329844-3B84-43CF-B188-A2FBF2E0950E}.Release|x64.ActiveCfg = Release|Any CPU
		{F6329844-3B84-43CF-B188-A2FBF2E0950E}.Release|x64.Build.0 = Release|Any CPU
		{F6329844-3B84-43CF-B188-A2FBF2E0950E}.Release|x86.ActiveCfg = Release|Any CPU
		{F6329844-3B84-43CF-B188-A2FBF2E0950E}.Release|x86.Build.0 = Release|Any CPU
		{4F405059-D1B8-42F5-8F1C-0B193B133B5F}.Debug|Any CPU.ActiveCfg = Debug|Any CPU
		{4F405059-D1B8-42F5-8F1C-0B193B133B5F}.Debug|Any CPU.Build.0 = Debug|Any CPU
		{4F405059-D1B8-42F5-8F1C-0B193B133B5F}.Debug|x64.ActiveCfg = Debug|Any CPU
		{4F405059-D1B8-42F5-8F1C-0B193B133B5F}.Debug|x64.Build.0 = Debug|Any CPU
		{4F405059-D1B8-42F5-8F1C-0B193B133B5F}.Debug|x86.ActiveCfg = Debug|Any CPU
		{4F405059-D1B8-42F5-8F1C-0B193B133B5F}.Debug|x86.Build.0 = Debug|Any CPU
		{4F405059-D1B8-42F5-8F1C-0B193B133B5F}.Release|Any CPU.ActiveCfg = Release|Any CPU
		{4F405059-D1B8-42F5-8F1C-0B193B133B5F}.Release|Any CPU.Build.0 = Release|Any CPU
		{4F405059-D1B8-42F5-8F1C-0B193B133B5F}.Release|x64.ActiveCfg = Release|Any CPU
		{4F405059-D1B8-42F5-8F1C-0B193B133B5F}.Release|x64.Build.0 = Release|Any CPU
		{4F405059-D1B8-42F5-8F1C-0B193B133B5F}.Release|x86.ActiveCfg = Release|Any CPU
		{4F405059-D1B8-42F5-8F1C-0B193B133B5F}.Release|x86.Build.0 = Release|Any CPU
	EndGlobalSection
	GlobalSection(SolutionProperties) = preSolution
		HideSolutionNode = FALSE
	EndGlobalSection
	GlobalSection(NestedProjects) = preSolution
		{49459708-C829-B631-186C-35AE89C6EB46} = {9AD56520-CC69-D13B-DD50-24A91D5BFBA7}
		{E58BBFB2-6EC9-439C-9C08-96669628E4A4} = {49459708-C829-B631-186C-35AE89C6EB46}
		{F6329844-3B84-43CF-B188-A2FBF2E0950E} = {49459708-C829-B631-186C-35AE89C6EB46}
		{4F405059-D1B8-42F5-8F1C-0B193B133B5F} = {49459708-C829-B631-186C-35AE89C6EB46}
	EndGlobalSection
EndGlobal
