
Microsoft Visual Studio Solution File, Format Version 12.00
# Visual Studio Version 17
VisualStudioVersion = 17.0.31903.59
MinimumVisualStudioVersion = 10.0.40219.1
Project("{FAE04EC0-301F-11D3-BF4B-00C04F79EFBC}") = "CLI", "CLI\CLI.csproj", "{762390F9-22AF-44A0-BA3F-7F0C1BE320F8}"
EndProject
Project("{FAE04EC0-301F-11D3-BF4B-00C04F79EFBC}") = "Entities", "Entities\Entities.csproj", "{8CFBC59F-D212-47B7-8714-C8FAF48F72D3}"
EndProject
Project("{FAE04EC0-301F-11D3-BF4B-00C04F79EFBC}") = "InMemoryRepositories", "InMemoryRepositories\InMemoryRepositories.csproj", "{2DDCE6D5-57FE-455B-B9B1-4D299595B2FB}"
EndProject
Project("{FAE04EC0-301F-11D3-BF4B-00C04F79EFBC}") = "RepositoryContracts", "RepositoryContracts\RepositoryContracts.csproj", "{6335FBBE-7037-4E78-8C2D-BA0D2C51F8DD}"
EndProject
Project("{2150E333-8FDC-42A3-9474-1A3956D46DE8}") = "Shared", "Shared", "{4F52FD11-658E-A102-6CD3-7D7C16FFA15B}"
EndProject
Project("{2150E333-8FDC-42A3-9474-1A3956D46DE8}") = "ApiContracts", "ApiContracts", "{4EB83C7C-B7DB-717D-2A01-031D9CD05F92}"
EndProject
Project("{FAE04EC0-301F-11D3-BF4B-00C04F79EFBC}") = "ApiContracts.", "Shared\ApiContracts\ApiContracts..csproj", "{2C11050F-2155-4205-81ED-636AABFEFAAA}"
EndProject
Project("{FAE04EC0-301F-11D3-BF4B-00C04F79EFBC}") = "WebAppi", "WebAppi\WebAppi.csproj", "{F150570D-34C0-4A26-8B0D-926E737D42C0}"
EndProject
Project("{2150E333-8FDC-42A3-9474-1A3956D46DE8}") = "Client", "Client", "{1B207DA1-7E41-47BE-B77C-7DCA9CA71689}"
EndProject
Project("{FAE04EC0-301F-11D3-BF4B-00C04F79EFBC}") = "BlazorApp1", "BlazorApp1\BlazorApp1.csproj", "{363EDA89-3259-4B76-B9AC-36B221FA6D62}"
EndProject
Project("{FAE04EC0-301F-11D3-BF4B-00C04F79EFBC}") = "BlazorApp", "Client\BlazorApp\BlazorApp.csproj", "{4BAD391F-3E10-4EFB-8DEE-FA3EF0A6E0EE}"
EndProject
Project("{2150E333-8FDC-42A3-9474-1A3956D46DE8}") = "Server", "Server", "{DAD03CFC-D5FA-AC94-41C7-9ABAB326F09E}"
EndProject
Project("{FAE04EC0-301F-11D3-BF4B-00C04F79EFBC}") = "ApiContracts", "Server\ApiContracts\ApiContracts.csproj", "{876CB8B4-74DC-40F1-9734-F8FC2B9CBD5E}"
EndProject
Project("{FAE04EC0-301F-11D3-BF4B-00C04F79EFBC}") = "CLI", "Server\CLI\CLI.csproj", "{2E5BD7A0-C3CA-4904-A224-19EF5ABC7C46}"
EndProject
Project("{FAE04EC0-301F-11D3-BF4B-00C04F79EFBC}") = "Entities", "Server\Entities\Entities.csproj", "{864886B6-81C6-4948-BF89-66794F05C882}"
EndProject
Project("{FAE04EC0-301F-11D3-BF4B-00C04F79EFBC}") = "WebAppi", "Server\WebAppi\WebAppi.csproj", "{6F5A15F6-5F1E-40E9-9723-732E2B752858}"
EndProject
Project("{FAE04EC0-301F-11D3-BF4B-00C04F79EFBC}") = "RepositoryContracts", "Server\RepositoryContracts\RepositoryContracts.csproj", "{41624656-6E84-4A66-BC6E-C1D954268812}"
EndProject
Project("{FAE04EC0-301F-11D3-BF4B-00C04F79EFBC}") = "FileRepositories", "Server\FileRepositories\FileRepositories.csproj", "{2857C9A6-F03D-4505-913D-988F60F32D18}"
EndProject
Global
	GlobalSection(SolutionConfigurationPlatforms) = preSolution
		Debug|Any CPU = Debug|Any CPU
		Debug|x64 = Debug|x64
		Debug|x86 = Debug|x86
		Release|Any CPU = Release|Any CPU
		Release|x64 = Release|x64
		Release|x86 = Release|x86
	EndGlobalSection
	GlobalSection(ProjectConfigurationPlatforms) = postSolution
		{762390F9-22AF-44A0-BA3F-7F0C1BE320F8}.Debug|Any CPU.ActiveCfg = Debug|Any CPU
		{762390F9-22AF-44A0-BA3F-7F0C1BE320F8}.Debug|Any CPU.Build.0 = Debug|Any CPU
		{762390F9-22AF-44A0-BA3F-7F0C1BE320F8}.Debug|x64.ActiveCfg = Debug|Any CPU
		{762390F9-22AF-44A0-BA3F-7F0C1BE320F8}.Debug|x64.Build.0 = Debug|Any CPU
		{762390F9-22AF-44A0-BA3F-7F0C1BE320F8}.Debug|x86.ActiveCfg = Debug|Any CPU
		{762390F9-22AF-44A0-BA3F-7F0C1BE320F8}.Debug|x86.Build.0 = Debug|Any CPU
		{762390F9-22AF-44A0-BA3F-7F0C1BE320F8}.Release|Any CPU.ActiveCfg = Release|Any CPU
		{762390F9-22AF-44A0-BA3F-7F0C1BE320F8}.Release|Any CPU.Build.0 = Release|Any CPU
		{762390F9-22AF-44A0-BA3F-7F0C1BE320F8}.Release|x64.ActiveCfg = Release|Any CPU
		{762390F9-22AF-44A0-BA3F-7F0C1BE320F8}.Release|x64.Build.0 = Release|Any CPU
		{762390F9-22AF-44A0-BA3F-7F0C1BE320F8}.Release|x86.ActiveCfg = Release|Any CPU
		{762390F9-22AF-44A0-BA3F-7F0C1BE320F8}.Release|x86.Build.0 = Release|Any CPU
		{8CFBC59F-D212-47B7-8714-C8FAF48F72D3}.Debug|Any CPU.ActiveCfg = Debug|Any CPU
		{8CFBC59F-D212-47B7-8714-C8FAF48F72D3}.Debug|Any CPU.Build.0 = Debug|Any CPU
		{8CFBC59F-D212-47B7-8714-C8FAF48F72D3}.Debug|x64.ActiveCfg = Debug|Any CPU
		{8CFBC59F-D212-47B7-8714-C8FAF48F72D3}.Debug|x64.Build.0 = Debug|Any CPU
		{8CFBC59F-D212-47B7-8714-C8FAF48F72D3}.Debug|x86.ActiveCfg = Debug|Any CPU
		{8CFBC59F-D212-47B7-8714-C8FAF48F72D3}.Debug|x86.Build.0 = Debug|Any CPU
		{8CFBC59F-D212-47B7-8714-C8FAF48F72D3}.Release|Any CPU.ActiveCfg = Release|Any CPU
		{8CFBC59F-D212-47B7-8714-C8FAF48F72D3}.Release|Any CPU.Build.0 = Release|Any CPU
		{8CFBC59F-D212-47B7-8714-C8FAF48F72D3}.Release|x64.ActiveCfg = Release|Any CPU
		{8CFBC59F-D212-47B7-8714-C8FAF48F72D3}.Release|x64.Build.0 = Release|Any CPU
		{8CFBC59F-D212-47B7-8714-C8FAF48F72D3}.Release|x86.ActiveCfg = Release|Any CPU
		{8CFBC59F-D212-47B7-8714-C8FAF48F72D3}.Release|x86.Build.0 = Release|Any CPU
		{2DDCE6D5-57FE-455B-B9B1-4D299595B2FB}.Debug|Any CPU.ActiveCfg = Debug|Any CPU
		{2DDCE6D5-57FE-455B-B9B1-4D299595B2FB}.Debug|Any CPU.Build.0 = Debug|Any CPU
		{2DDCE6D5-57FE-455B-B9B1-4D299595B2FB}.Debug|x64.ActiveCfg = Debug|Any CPU
		{2DDCE6D5-57FE-455B-B9B1-4D299595B2FB}.Debug|x64.Build.0 = Debug|Any CPU
		{2DDCE6D5-57FE-455B-B9B1-4D299595B2FB}.Debug|x86.ActiveCfg = Debug|Any CPU
		{2DDCE6D5-57FE-455B-B9B1-4D299595B2FB}.Debug|x86.Build.0 = Debug|Any CPU
		{2DDCE6D5-57FE-455B-B9B1-4D299595B2FB}.Release|Any CPU.ActiveCfg = Release|Any CPU
		{2DDCE6D5-57FE-455B-B9B1-4D299595B2FB}.Release|Any CPU.Build.0 = Release|Any CPU
		{2DDCE6D5-57FE-455B-B9B1-4D299595B2FB}.Release|x64.ActiveCfg = Release|Any CPU
		{2DDCE6D5-57FE-455B-B9B1-4D299595B2FB}.Release|x64.Build.0 = Release|Any CPU
		{2DDCE6D5-57FE-455B-B9B1-4D299595B2FB}.Release|x86.ActiveCfg = Release|Any CPU
		{2DDCE6D5-57FE-455B-B9B1-4D299595B2FB}.Release|x86.Build.0 = Release|Any CPU
		{6335FBBE-7037-4E78-8C2D-BA0D2C51F8DD}.Debug|Any CPU.ActiveCfg = Debug|Any CPU
		{6335FBBE-7037-4E78-8C2D-BA0D2C51F8DD}.Debug|Any CPU.Build.0 = Debug|Any CPU
		{6335FBBE-7037-4E78-8C2D-BA0D2C51F8DD}.Debug|x64.ActiveCfg = Debug|Any CPU
		{6335FBBE-7037-4E78-8C2D-BA0D2C51F8DD}.Debug|x64.Build.0 = Debug|Any CPU
		{6335FBBE-7037-4E78-8C2D-BA0D2C51F8DD}.Debug|x86.ActiveCfg = Debug|Any CPU
		{6335FBBE-7037-4E78-8C2D-BA0D2C51F8DD}.Debug|x86.Build.0 = Debug|Any CPU
		{6335FBBE-7037-4E78-8C2D-BA0D2C51F8DD}.Release|Any CPU.ActiveCfg = Release|Any CPU
		{6335FBBE-7037-4E78-8C2D-BA0D2C51F8DD}.Release|Any CPU.Build.0 = Release|Any CPU
		{6335FBBE-7037-4E78-8C2D-BA0D2C51F8DD}.Release|x64.ActiveCfg = Release|Any CPU
		{6335FBBE-7037-4E78-8C2D-BA0D2C51F8DD}.Release|x64.Build.0 = Release|Any CPU
		{6335FBBE-7037-4E78-8C2D-BA0D2C51F8DD}.Release|x86.ActiveCfg = Release|Any CPU
		{6335FBBE-7037-4E78-8C2D-BA0D2C51F8DD}.Release|x86.Build.0 = Release|Any CPU
		{2C11050F-2155-4205-81ED-636AABFEFAAA}.Debug|Any CPU.ActiveCfg = Debug|Any CPU
		{2C11050F-2155-4205-81ED-636AABFEFAAA}.Debug|Any CPU.Build.0 = Debug|Any CPU
		{2C11050F-2155-4205-81ED-636AABFEFAAA}.Debug|x64.ActiveCfg = Debug|Any CPU
		{2C11050F-2155-4205-81ED-636AABFEFAAA}.Debug|x64.Build.0 = Debug|Any CPU
		{2C11050F-2155-4205-81ED-636AABFEFAAA}.Debug|x86.ActiveCfg = Debug|Any CPU
		{2C11050F-2155-4205-81ED-636AABFEFAAA}.Debug|x86.Build.0 = Debug|Any CPU
		{2C11050F-2155-4205-81ED-636AABFEFAAA}.Release|Any CPU.ActiveCfg = Release|Any CPU
		{2C11050F-2155-4205-81ED-636AABFEFAAA}.Release|Any CPU.Build.0 = Release|Any CPU
		{2C11050F-2155-4205-81ED-636AABFEFAAA}.Release|x64.ActiveCfg = Release|Any CPU
		{2C11050F-2155-4205-81ED-636AABFEFAAA}.Release|x64.Build.0 = Release|Any CPU
		{2C11050F-2155-4205-81ED-636AABFEFAAA}.Release|x86.ActiveCfg = Release|Any CPU
		{2C11050F-2155-4205-81ED-636AABFEFAAA}.Release|x86.Build.0 = Release|Any CPU
		{F150570D-34C0-4A26-8B0D-926E737D42C0}.Debug|Any CPU.ActiveCfg = Debug|Any CPU
		{F150570D-34C0-4A26-8B0D-926E737D42C0}.Debug|Any CPU.Build.0 = Debug|Any CPU
		{F150570D-34C0-4A26-8B0D-926E737D42C0}.Debug|x64.ActiveCfg = Debug|Any CPU
		{F150570D-34C0-4A26-8B0D-926E737D42C0}.Debug|x64.Build.0 = Debug|Any CPU
		{F150570D-34C0-4A26-8B0D-926E737D42C0}.Debug|x86.ActiveCfg = Debug|Any CPU
		{F150570D-34C0-4A26-8B0D-926E737D42C0}.Debug|x86.Build.0 = Debug|Any CPU
		{F150570D-34C0-4A26-8B0D-926E737D42C0}.Release|Any CPU.ActiveCfg = Release|Any CPU
		{F150570D-34C0-4A26-8B0D-926E737D42C0}.Release|Any CPU.Build.0 = Release|Any CPU
		{F150570D-34C0-4A26-8B0D-926E737D42C0}.Release|x64.ActiveCfg = Release|Any CPU
		{F150570D-34C0-4A26-8B0D-926E737D42C0}.Release|x64.Build.0 = Release|Any CPU
		{F150570D-34C0-4A26-8B0D-926E737D42C0}.Release|x86.ActiveCfg = Release|Any CPU
		{F150570D-34C0-4A26-8B0D-926E737D42C0}.Release|x86.Build.0 = Release|Any CPU
		{363EDA89-3259-4B76-B9AC-36B221FA6D62}.Debug|Any CPU.ActiveCfg = Debug|Any CPU
		{363EDA89-3259-4B76-B9AC-36B221FA6D62}.Debug|Any CPU.Build.0 = Debug|Any CPU
		{363EDA89-3259-4B76-B9AC-36B221FA6D62}.Debug|x64.ActiveCfg = Debug|Any CPU
		{363EDA89-3259-4B76-B9AC-36B221FA6D62}.Debug|x64.Build.0 = Debug|Any CPU
		{363EDA89-3259-4B76-B9AC-36B221FA6D62}.Debug|x86.ActiveCfg = Debug|Any CPU
		{363EDA89-3259-4B76-B9AC-36B221FA6D62}.Debug|x86.Build.0 = Debug|Any CPU
		{363EDA89-3259-4B76-B9AC-36B221FA6D62}.Release|Any CPU.ActiveCfg = Release|Any CPU
		{363EDA89-3259-4B76-B9AC-36B221FA6D62}.Release|Any CPU.Build.0 = Release|Any CPU
		{363EDA89-3259-4B76-B9AC-36B221FA6D62}.Release|x64.ActiveCfg = Release|Any CPU
		{363EDA89-3259-4B76-B9AC-36B221FA6D62}.Release|x64.Build.0 = Release|Any CPU
		{363EDA89-3259-4B76-B9AC-36B221FA6D62}.Release|x86.ActiveCfg = Release|Any CPU
		{363EDA89-3259-4B76-B9AC-36B221FA6D62}.Release|x86.Build.0 = Release|Any CPU
		{4BAD391F-3E10-4EFB-8DEE-FA3EF0A6E0EE}.Debug|Any CPU.ActiveCfg = Debug|Any CPU
		{4BAD391F-3E10-4EFB-8DEE-FA3EF0A6E0EE}.Debug|Any CPU.Build.0 = Debug|Any CPU
		{4BAD391F-3E10-4EFB-8DEE-FA3EF0A6E0EE}.Debug|x64.ActiveCfg = Debug|Any CPU
		{4BAD391F-3E10-4EFB-8DEE-FA3EF0A6E0EE}.Debug|x64.Build.0 = Debug|Any CPU
		{4BAD391F-3E10-4EFB-8DEE-FA3EF0A6E0EE}.Debug|x86.ActiveCfg = Debug|Any CPU
		{4BAD391F-3E10-4EFB-8DEE-FA3EF0A6E0EE}.Debug|x86.Build.0 = Debug|Any CPU
		{4BAD391F-3E10-4EFB-8DEE-FA3EF0A6E0EE}.Release|Any CPU.ActiveCfg = Release|Any CPU
		{4BAD391F-3E10-4EFB-8DEE-FA3EF0A6E0EE}.Release|Any CPU.Build.0 = Release|Any CPU
		{4BAD391F-3E10-4EFB-8DEE-FA3EF0A6E0EE}.Release|x64.ActiveCfg = Release|Any CPU
		{4BAD391F-3E10-4EFB-8DEE-FA3EF0A6E0EE}.Release|x64.Build.0 = Release|Any CPU
		{4BAD391F-3E10-4EFB-8DEE-FA3EF0A6E0EE}.Release|x86.ActiveCfg = Release|Any CPU
		{4BAD391F-3E10-4EFB-8DEE-FA3EF0A6E0EE}.Release|x86.Build.0 = Release|Any CPU
		{876CB8B4-74DC-40F1-9734-F8FC2B9CBD5E}.Debug|Any CPU.ActiveCfg = Debug|Any CPU
		{876CB8B4-74DC-40F1-9734-F8FC2B9CBD5E}.Debug|Any CPU.Build.0 = Debug|Any CPU
		{876CB8B4-74DC-40F1-9734-F8FC2B9CBD5E}.Debug|x64.ActiveCfg = Debug|Any CPU
		{876CB8B4-74DC-40F1-9734-F8FC2B9CBD5E}.Debug|x64.Build.0 = Debug|Any CPU
		{876CB8B4-74DC-40F1-9734-F8FC2B9CBD5E}.Debug|x86.ActiveCfg = Debug|Any CPU
		{876CB8B4-74DC-40F1-9734-F8FC2B9CBD5E}.Debug|x86.Build.0 = Debug|Any CPU
		{876CB8B4-74DC-40F1-9734-F8FC2B9CBD5E}.Release|Any CPU.ActiveCfg = Release|Any CPU
		{876CB8B4-74DC-40F1-9734-F8FC2B9CBD5E}.Release|Any CPU.Build.0 = Release|Any CPU
		{876CB8B4-74DC-40F1-9734-F8FC2B9CBD5E}.Release|x64.ActiveCfg = Release|Any CPU
		{876CB8B4-74DC-40F1-9734-F8FC2B9CBD5E}.Release|x64.Build.0 = Release|Any CPU
		{876CB8B4-74DC-40F1-9734-F8FC2B9CBD5E}.Release|x86.ActiveCfg = Release|Any CPU
		{876CB8B4-74DC-40F1-9734-F8FC2B9CBD5E}.Release|x86.Build.0 = Release|Any CPU
		{2E5BD7A0-C3CA-4904-A224-19EF5ABC7C46}.Debug|Any CPU.ActiveCfg = Debug|Any CPU
		{2E5BD7A0-C3CA-4904-A224-19EF5ABC7C46}.Debug|Any CPU.Build.0 = Debug|Any CPU
		{2E5BD7A0-C3CA-4904-A224-19EF5ABC7C46}.Debug|x64.ActiveCfg = Debug|Any CPU
		{2E5BD7A0-C3CA-4904-A224-19EF5ABC7C46}.Debug|x64.Build.0 = Debug|Any CPU
		{2E5BD7A0-C3CA-4904-A224-19EF5ABC7C46}.Debug|x86.ActiveCfg = Debug|Any CPU
		{2E5BD7A0-C3CA-4904-A224-19EF5ABC7C46}.Debug|x86.Build.0 = Debug|Any CPU
		{2E5BD7A0-C3CA-4904-A224-19EF5ABC7C46}.Release|Any CPU.ActiveCfg = Release|Any CPU
		{2E5BD7A0-C3CA-4904-A224-19EF5ABC7C46}.Release|Any CPU.Build.0 = Release|Any CPU
		{2E5BD7A0-C3CA-4904-A224-19EF5ABC7C46}.Release|x64.ActiveCfg = Release|Any CPU
		{2E5BD7A0-C3CA-4904-A224-19EF5ABC7C46}.Release|x64.Build.0 = Release|Any CPU
		{2E5BD7A0-C3CA-4904-A224-19EF5ABC7C46}.Release|x86.ActiveCfg = Release|Any CPU
		{2E5BD7A0-C3CA-4904-A224-19EF5ABC7C46}.Release|x86.Build.0 = Release|Any CPU
		{864886B6-81C6-4948-BF89-66794F05C882}.Debug|Any CPU.ActiveCfg = Debug|Any CPU
		{864886B6-81C6-4948-BF89-66794F05C882}.Debug|Any CPU.Build.0 = Debug|Any CPU
		{864886B6-81C6-4948-BF89-66794F05C882}.Debug|x64.ActiveCfg = Debug|Any CPU
		{864886B6-81C6-4948-BF89-66794F05C882}.Debug|x64.Build.0 = Debug|Any CPU
		{864886B6-81C6-4948-BF89-66794F05C882}.Debug|x86.ActiveCfg = Debug|Any CPU
		{864886B6-81C6-4948-BF89-66794F05C882}.Debug|x86.Build.0 = Debug|Any CPU
		{864886B6-81C6-4948-BF89-66794F05C882}.Release|Any CPU.ActiveCfg = Release|Any CPU
		{864886B6-81C6-4948-BF89-66794F05C882}.Release|Any CPU.Build.0 = Release|Any CPU
		{864886B6-81C6-4948-BF89-66794F05C882}.Release|x64.ActiveCfg = Release|Any CPU
		{864886B6-81C6-4948-BF89-66794F05C882}.Release|x64.Build.0 = Release|Any CPU
		{864886B6-81C6-4948-BF89-66794F05C882}.Release|x86.ActiveCfg = Release|Any CPU
		{864886B6-81C6-4948-BF89-66794F05C882}.Release|x86.Build.0 = Release|Any CPU
		{6F5A15F6-5F1E-40E9-9723-732E2B752858}.Debug|Any CPU.ActiveCfg = Debug|Any CPU
		{6F5A15F6-5F1E-40E9-9723-732E2B752858}.Debug|Any CPU.Build.0 = Debug|Any CPU
		{6F5A15F6-5F1E-40E9-9723-732E2B752858}.Debug|x64.ActiveCfg = Debug|Any CPU
		{6F5A15F6-5F1E-40E9-9723-732E2B752858}.Debug|x64.Build.0 = Debug|Any CPU
		{6F5A15F6-5F1E-40E9-9723-732E2B752858}.Debug|x86.ActiveCfg = Debug|Any CPU
		{6F5A15F6-5F1E-40E9-9723-732E2B752858}.Debug|x86.Build.0 = Debug|Any CPU
		{6F5A15F6-5F1E-40E9-9723-732E2B752858}.Release|Any CPU.ActiveCfg = Release|Any CPU
		{6F5A15F6-5F1E-40E9-9723-732E2B752858}.Release|Any CPU.Build.0 = Release|Any CPU
		{6F5A15F6-5F1E-40E9-9723-732E2B752858}.Release|x64.ActiveCfg = Release|Any CPU
		{6F5A15F6-5F1E-40E9-9723-732E2B752858}.Release|x64.Build.0 = Release|Any CPU
		{6F5A15F6-5F1E-40E9-9723-732E2B752858}.Release|x86.ActiveCfg = Release|Any CPU
		{6F5A15F6-5F1E-40E9-9723-732E2B752858}.Release|x86.Build.0 = Release|Any CPU
		{41624656-6E84-4A66-BC6E-C1D954268812}.Debug|Any CPU.ActiveCfg = Debug|Any CPU
		{41624656-6E84-4A66-BC6E-C1D954268812}.Debug|Any CPU.Build.0 = Debug|Any CPU
		{41624656-6E84-4A66-BC6E-C1D954268812}.Debug|x64.ActiveCfg = Debug|Any CPU
		{41624656-6E84-4A66-BC6E-C1D954268812}.Debug|x64.Build.0 = Debug|Any CPU
		{41624656-6E84-4A66-BC6E-C1D954268812}.Debug|x86.ActiveCfg = Debug|Any CPU
		{41624656-6E84-4A66-BC6E-C1D954268812}.Debug|x86.Build.0 = Debug|Any CPU
		{41624656-6E84-4A66-BC6E-C1D954268812}.Release|Any CPU.ActiveCfg = Release|Any CPU
		{41624656-6E84-4A66-BC6E-C1D954268812}.Release|Any CPU.Build.0 = Release|Any CPU
		{41624656-6E84-4A66-BC6E-C1D954268812}.Release|x64.ActiveCfg = Release|Any CPU
		{41624656-6E84-4A66-BC6E-C1D954268812}.Release|x64.Build.0 = Release|Any CPU
		{41624656-6E84-4A66-BC6E-C1D954268812}.Release|x86.ActiveCfg = Release|Any CPU
		{41624656-6E84-4A66-BC6E-C1D954268812}.Release|x86.Build.0 = Release|Any CPU
		{2857C9A6-F03D-4505-913D-988F60F32D18}.Debug|Any CPU.ActiveCfg = Debug|Any CPU
		{2857C9A6-F03D-4505-913D-988F60F32D18}.Debug|Any CPU.Build.0 = Debug|Any CPU
		{2857C9A6-F03D-4505-913D-988F60F32D18}.Debug|x64.ActiveCfg = Debug|Any CPU
		{2857C9A6-F03D-4505-913D-988F60F32D18}.Debug|x64.Build.0 = Debug|Any CPU
		{2857C9A6-F03D-4505-913D-988F60F32D18}.Debug|x86.ActiveCfg = Debug|Any CPU
		{2857C9A6-F03D-4505-913D-988F60F32D18}.Debug|x86.Build.0 = Debug|Any CPU
		{2857C9A6-F03D-4505-913D-988F60F32D18}.Release|Any CPU.ActiveCfg = Release|Any CPU
		{2857C9A6-F03D-4505-913D-988F60F32D18}.Release|Any CPU.Build.0 = Release|Any CPU
		{2857C9A6-F03D-4505-913D-988F60F32D18}.Release|x64.ActiveCfg = Release|Any CPU
		{2857C9A6-F03D-4505-913D-988F60F32D18}.Release|x64.Build.0 = Release|Any CPU
		{2857C9A6-F03D-4505-913D-988F60F32D18}.Release|x86.ActiveCfg = Release|Any CPU
		{2857C9A6-F03D-4505-913D-988F60F32D18}.Release|x86.Build.0 = Release|Any CPU
	EndGlobalSection
	GlobalSection(SolutionProperties) = preSolution
		HideSolutionNode = FALSE
	EndGlobalSection
	GlobalSection(NestedProjects) = preSolution
		{4EB83C7C-B7DB-717D-2A01-031D9CD05F92} = {4F52FD11-658E-A102-6CD3-7D7C16FFA15B}
		{2C11050F-2155-4205-81ED-636AABFEFAAA} = {4EB83C7C-B7DB-717D-2A01-031D9CD05F92}
		{363EDA89-3259-4B76-B9AC-36B221FA6D62} = {1B207DA1-7E41-47BE-B77C-7DCA9CA71689}
		{4BAD391F-3E10-4EFB-8DEE-FA3EF0A6E0EE} = {1B207DA1-7E41-47BE-B77C-7DCA9CA71689}
		{876CB8B4-74DC-40F1-9734-F8FC2B9CBD5E} = {DAD03CFC-D5FA-AC94-41C7-9ABAB326F09E}
		{2E5BD7A0-C3CA-4904-A224-19EF5ABC7C46} = {DAD03CFC-D5FA-AC94-41C7-9ABAB326F09E}
		{864886B6-81C6-4948-BF89-66794F05C882} = {DAD03CFC-D5FA-AC94-41C7-9ABAB326F09E}
		{6F5A15F6-5F1E-40E9-9723-732E2B752858} = {DAD03CFC-D5FA-AC94-41C7-9ABAB326F09E}
		{41624656-6E84-4A66-BC6E-C1D954268812} = {DAD03CFC-D5FA-AC94-41C7-9ABAB326F09E}
		{2857C9A6-F03D-4505-913D-988F60F32D18} = {DAD03CFC-D5FA-AC94-41C7-9ABAB326F09E}
	EndGlobalSection
EndGlobal
