
Microsoft Visual Studio Solution File, Format Version 12.00
# Visual Studio Version 17
VisualStudioVersion = 17.0.31903.59
MinimumVisualStudioVersion = 10.0.40219.1
Project("{2150E333-8FDC-42A3-9474-1A3956D46DE8}") = "Client", "Client", "{2CB42F12-E813-91B3-7D11-3220E40BEF4A}"
EndProject
Project("{FAE04EC0-301F-11D3-BF4B-00C04F79EFBC}") = "BlazorApp", "Client\BlazorApp\BlazorApp.csproj", "{0BCFB331-6F7E-4CC2-99D3-6645DDBFCAEB}"
EndProject
Project("{2150E333-8FDC-42A3-9474-1A3956D46DE8}") = "Shared", "Shared", "{4F52FD11-658E-A102-6CD3-7D7C16FFA15B}"
EndProject
Project("{FAE04EC0-301F-11D3-BF4B-00C04F79EFBC}") = "ApiContracts", "Shared\ApiContracts\ApiContracts.csproj", "{F2850730-F3B9-4E32-B236-D69D425E8056}"
EndProject
Project("{2150E333-8FDC-42A3-9474-1A3956D46DE8}") = "Server", "Server", "{DAD03CFC-D5FA-AC94-41C7-9ABAB326F09E}"
EndProject
Project("{FAE04EC0-301F-11D3-BF4B-00C04F79EFBC}") = "Entities", "Server\Entities\Entities.csproj", "{E9BE324D-147E-4C4B-B58B-8A005BBCE41E}"
EndProject
Project("{FAE04EC0-301F-11D3-BF4B-00C04F79EFBC}") = "WebAppi", "Server\WebAppi\WebAppi.csproj", "{C1DC66FE-5EE0-41F4-B792-09F73CF781A4}"
EndProject
Project("{FAE04EC0-301F-11D3-BF4B-00C04F79EFBC}") = "FileRepositories", "Server\FileRepositories\FileRepositories.csproj", "{DC6C75BD-80AF-47F2-A713-B7A694C4FD23}"
EndProject
Project("{FAE04EC0-301F-11D3-BF4B-00C04F79EFBC}") = "RepositoryContracts", "Server\RepositoryContracts\RepositoryContracts.csproj", "{C97FDCCE-D1B7-4014-BF7B-339BCDC939A7}"
EndProject
Project("{FAE04EC0-301F-11D3-BF4B-00C04F79EFBC}") = "InMemoryRepositories", "Server\InMemoryRepositories\InMemoryRepositories.csproj", "{8189F4BB-30AD-4969-9051-7178C247965E}"
EndProject
Project("{FAE04EC0-301F-11D3-BF4B-00C04F79EFBC}") = "CLI", "Server\CLI\CLI.csproj", "{17332C35-59AE-41FC-A594-A0733B2D33BB}"
EndProject
Global
	GlobalSection(SolutionConfigurationPlatforms) = preSolution
		Debug|Any CPU = Debug|Any CPU
		Debug|x64 = Debug|x64
		Debug|x86 = Debug|x86
		Release|Any CPU = Release|Any CPU
		Release|x64 = Release|x64
		Release|x86 = Release|x86
	EndGlobalSection
	GlobalSection(ProjectConfigurationPlatforms) = postSolution
		{0BCFB331-6F7E-4CC2-99D3-6645DDBFCAEB}.Debug|Any CPU.ActiveCfg = Debug|Any CPU
		{0BCFB331-6F7E-4CC2-99D3-6645DDBFCAEB}.Debug|Any CPU.Build.0 = Debug|Any CPU
		{0BCFB331-6F7E-4CC2-99D3-6645DDBFCAEB}.Debug|x64.ActiveCfg = Debug|Any CPU
		{0BCFB331-6F7E-4CC2-99D3-6645DDBFCAEB}.Debug|x64.Build.0 = Debug|Any CPU
		{0BCFB331-6F7E-4CC2-99D3-6645DDBFCAEB}.Debug|x86.ActiveCfg = Debug|Any CPU
		{0BCFB331-6F7E-4CC2-99D3-6645DDBFCAEB}.Debug|x86.Build.0 = Debug|Any CPU
		{0BCFB331-6F7E-4CC2-99D3-6645DDBFCAEB}.Release|Any CPU.ActiveCfg = Release|Any CPU
		{0BCFB331-6F7E-4CC2-99D3-6645DDBFCAEB}.Release|Any CPU.Build.0 = Release|Any CPU
		{0BCFB331-6F7E-4CC2-99D3-6645DDBFCAEB}.Release|x64.ActiveCfg = Release|Any CPU
		{0BCFB331-6F7E-4CC2-99D3-6645DDBFCAEB}.Release|x64.Build.0 = Release|Any CPU
		{0BCFB331-6F7E-4CC2-99D3-6645DDBFCAEB}.Release|x86.ActiveCfg = Release|Any CPU
		{0BCFB331-6F7E-4CC2-99D3-6645DDBFCAEB}.Release|x86.Build.0 = Release|Any CPU
		{F2850730-F3B9-4E32-B236-D69D425E8056}.Debug|Any CPU.ActiveCfg = Debug|Any CPU
		{F2850730-F3B9-4E32-B236-D69D425E8056}.Debug|Any CPU.Build.0 = Debug|Any CPU
		{F2850730-F3B9-4E32-B236-D69D425E8056}.Debug|x64.ActiveCfg = Debug|Any CPU
		{F2850730-F3B9-4E32-B236-D69D425E8056}.Debug|x64.Build.0 = Debug|Any CPU
		{F2850730-F3B9-4E32-B236-D69D425E8056}.Debug|x86.ActiveCfg = Debug|Any CPU
		{F2850730-F3B9-4E32-B236-D69D425E8056}.Debug|x86.Build.0 = Debug|Any CPU
		{F2850730-F3B9-4E32-B236-D69D425E8056}.Release|Any CPU.ActiveCfg = Release|Any CPU
		{F2850730-F3B9-4E32-B236-D69D425E8056}.Release|Any CPU.Build.0 = Release|Any CPU
		{F2850730-F3B9-4E32-B236-D69D425E8056}.Release|x64.ActiveCfg = Release|Any CPU
		{F2850730-F3B9-4E32-B236-D69D425E8056}.Release|x64.Build.0 = Release|Any CPU
		{F2850730-F3B9-4E32-B236-D69D425E8056}.Release|x86.ActiveCfg = Release|Any CPU
		{F2850730-F3B9-4E32-B236-D69D425E8056}.Release|x86.Build.0 = Release|Any CPU
		{E9BE324D-147E-4C4B-B58B-8A005BBCE41E}.Debug|Any CPU.ActiveCfg = Debug|Any CPU
		{E9BE324D-147E-4C4B-B58B-8A005BBCE41E}.Debug|Any CPU.Build.0 = Debug|Any CPU
		{E9BE324D-147E-4C4B-B58B-8A005BBCE41E}.Debug|x64.ActiveCfg = Debug|Any CPU
		{E9BE324D-147E-4C4B-B58B-8A005BBCE41E}.Debug|x64.Build.0 = Debug|Any CPU
		{E9BE324D-147E-4C4B-B58B-8A005BBCE41E}.Debug|x86.ActiveCfg = Debug|Any CPU
		{E9BE324D-147E-4C4B-B58B-8A005BBCE41E}.Debug|x86.Build.0 = Debug|Any CPU
		{E9BE324D-147E-4C4B-B58B-8A005BBCE41E}.Release|Any CPU.ActiveCfg = Release|Any CPU
		{E9BE324D-147E-4C4B-B58B-8A005BBCE41E}.Release|Any CPU.Build.0 = Release|Any CPU
		{E9BE324D-147E-4C4B-B58B-8A005BBCE41E}.Release|x64.ActiveCfg = Release|Any CPU
		{E9BE324D-147E-4C4B-B58B-8A005BBCE41E}.Release|x64.Build.0 = Release|Any CPU
		{E9BE324D-147E-4C4B-B58B-8A005BBCE41E}.Release|x86.ActiveCfg = Release|Any CPU
		{E9BE324D-147E-4C4B-B58B-8A005BBCE41E}.Release|x86.Build.0 = Release|Any CPU
		{C1DC66FE-5EE0-41F4-B792-09F73CF781A4}.Debug|Any CPU.ActiveCfg = Debug|Any CPU
		{C1DC66FE-5EE0-41F4-B792-09F73CF781A4}.Debug|Any CPU.Build.0 = Debug|Any CPU
		{C1DC66FE-5EE0-41F4-B792-09F73CF781A4}.Debug|x64.ActiveCfg = Debug|Any CPU
		{C1DC66FE-5EE0-41F4-B792-09F73CF781A4}.Debug|x64.Build.0 = Debug|Any CPU
		{C1DC66FE-5EE0-41F4-B792-09F73CF781A4}.Debug|x86.ActiveCfg = Debug|Any CPU
		{C1DC66FE-5EE0-41F4-B792-09F73CF781A4}.Debug|x86.Build.0 = Debug|Any CPU
		{C1DC66FE-5EE0-41F4-B792-09F73CF781A4}.Release|Any CPU.ActiveCfg = Release|Any CPU
		{C1DC66FE-5EE0-41F4-B792-09F73CF781A4}.Release|Any CPU.Build.0 = Release|Any CPU
		{C1DC66FE-5EE0-41F4-B792-09F73CF781A4}.Release|x64.ActiveCfg = Release|Any CPU
		{C1DC66FE-5EE0-41F4-B792-09F73CF781A4}.Release|x64.Build.0 = Release|Any CPU
		{C1DC66FE-5EE0-41F4-B792-09F73CF781A4}.Release|x86.ActiveCfg = Release|Any CPU
		{C1DC66FE-5EE0-41F4-B792-09F73CF781A4}.Release|x86.Build.0 = Release|Any CPU
		{DC6C75BD-80AF-47F2-A713-B7A694C4FD23}.Debug|Any CPU.ActiveCfg = Debug|Any CPU
		{DC6C75BD-80AF-47F2-A713-B7A694C4FD23}.Debug|Any CPU.Build.0 = Debug|Any CPU
		{DC6C75BD-80AF-47F2-A713-B7A694C4FD23}.Debug|x64.ActiveCfg = Debug|Any CPU
		{DC6C75BD-80AF-47F2-A713-B7A694C4FD23}.Debug|x64.Build.0 = Debug|Any CPU
		{DC6C75BD-80AF-47F2-A713-B7A694C4FD23}.Debug|x86.ActiveCfg = Debug|Any CPU
		{DC6C75BD-80AF-47F2-A713-B7A694C4FD23}.Debug|x86.Build.0 = Debug|Any CPU
		{DC6C75BD-80AF-47F2-A713-B7A694C4FD23}.Release|Any CPU.ActiveCfg = Release|Any CPU
		{DC6C75BD-80AF-47F2-A713-B7A694C4FD23}.Release|Any CPU.Build.0 = Release|Any CPU
		{DC6C75BD-80AF-47F2-A713-B7A694C4FD23}.Release|x64.ActiveCfg = Release|Any CPU
		{DC6C75BD-80AF-47F2-A713-B7A694C4FD23}.Release|x64.Build.0 = Release|Any CPU
		{DC6C75BD-80AF-47F2-A713-B7A694C4FD23}.Release|x86.ActiveCfg = Release|Any CPU
		{DC6C75BD-80AF-47F2-A713-B7A694C4FD23}.Release|x86.Build.0 = Release|Any CPU
		{C97FDCCE-D1B7-4014-BF7B-339BCDC939A7}.Debug|Any CPU.ActiveCfg = Debug|Any CPU
		{C97FDCCE-D1B7-4014-BF7B-339BCDC939A7}.Debug|Any CPU.Build.0 = Debug|Any CPU
		{C97FDCCE-D1B7-4014-BF7B-339BCDC939A7}.Debug|x64.ActiveCfg = Debug|Any CPU
		{C97FDCCE-D1B7-4014-BF7B-339BCDC939A7}.Debug|x64.Build.0 = Debug|Any CPU
		{C97FDCCE-D1B7-4014-BF7B-339BCDC939A7}.Debug|x86.ActiveCfg = Debug|Any CPU
		{C97FDCCE-D1B7-4014-BF7B-339BCDC939A7}.Debug|x86.Build.0 = Debug|Any CPU
		{C97FDCCE-D1B7-4014-BF7B-339BCDC939A7}.Release|Any CPU.ActiveCfg = Release|Any CPU
		{C97FDCCE-D1B7-4014-BF7B-339BCDC939A7}.Release|Any CPU.Build.0 = Release|Any CPU
		{C97FDCCE-D1B7-4014-BF7B-339BCDC939A7}.Release|x64.ActiveCfg = Release|Any CPU
		{C97FDCCE-D1B7-4014-BF7B-339BCDC939A7}.Release|x64.Build.0 = Release|Any CPU
		{C97FDCCE-D1B7-4014-BF7B-339BCDC939A7}.Release|x86.ActiveCfg = Release|Any CPU
		{C97FDCCE-D1B7-4014-BF7B-339BCDC939A7}.Release|x86.Build.0 = Release|Any CPU
		{8189F4BB-30AD-4969-9051-7178C247965E}.Debug|Any CPU.ActiveCfg = Debug|Any CPU
		{8189F4BB-30AD-4969-9051-7178C247965E}.Debug|Any CPU.Build.0 = Debug|Any CPU
		{8189F4BB-30AD-4969-9051-7178C247965E}.Debug|x64.ActiveCfg = Debug|Any CPU
		{8189F4BB-30AD-4969-9051-7178C247965E}.Debug|x64.Build.0 = Debug|Any CPU
		{8189F4BB-30AD-4969-9051-7178C247965E}.Debug|x86.ActiveCfg = Debug|Any CPU
		{8189F4BB-30AD-4969-9051-7178C247965E}.Debug|x86.Build.0 = Debug|Any CPU
		{8189F4BB-30AD-4969-9051-7178C247965E}.Release|Any CPU.ActiveCfg = Release|Any CPU
		{8189F4BB-30AD-4969-9051-7178C247965E}.Release|Any CPU.Build.0 = Release|Any CPU
		{8189F4BB-30AD-4969-9051-7178C247965E}.Release|x64.ActiveCfg = Release|Any CPU
		{8189F4BB-30AD-4969-9051-7178C247965E}.Release|x64.Build.0 = Release|Any CPU
		{8189F4BB-30AD-4969-9051-7178C247965E}.Release|x86.ActiveCfg = Release|Any CPU
		{8189F4BB-30AD-4969-9051-7178C247965E}.Release|x86.Build.0 = Release|Any CPU
		{17332C35-59AE-41FC-A594-A0733B2D33BB}.Debug|Any CPU.ActiveCfg = Debug|Any CPU
		{17332C35-59AE-41FC-A594-A0733B2D33BB}.Debug|Any CPU.Build.0 = Debug|Any CPU
		{17332C35-59AE-41FC-A594-A0733B2D33BB}.Debug|x64.ActiveCfg = Debug|Any CPU
		{17332C35-59AE-41FC-A594-A0733B2D33BB}.Debug|x64.Build.0 = Debug|Any CPU
		{17332C35-59AE-41FC-A594-A0733B2D33BB}.Debug|x86.ActiveCfg = Debug|Any CPU
		{17332C35-59AE-41FC-A594-A0733B2D33BB}.Debug|x86.Build.0 = Debug|Any CPU
		{17332C35-59AE-41FC-A594-A0733B2D33BB}.Release|Any CPU.ActiveCfg = Release|Any CPU
		{17332C35-59AE-41FC-A594-A0733B2D33BB}.Release|Any CPU.Build.0 = Release|Any CPU
		{17332C35-59AE-41FC-A594-A0733B2D33BB}.Release|x64.ActiveCfg = Release|Any CPU
		{17332C35-59AE-41FC-A594-A0733B2D33BB}.Release|x64.Build.0 = Release|Any CPU
		{17332C35-59AE-41FC-A594-A0733B2D33BB}.Release|x86.ActiveCfg = Release|Any CPU
		{17332C35-59AE-41FC-A594-A0733B2D33BB}.Release|x86.Build.0 = Release|Any CPU
	EndGlobalSection
	GlobalSection(SolutionProperties) = preSolution
		HideSolutionNode = FALSE
	EndGlobalSection
	GlobalSection(NestedProjects) = preSolution
		{0BCFB331-6F7E-4CC2-99D3-6645DDBFCAEB} = {2CB42F12-E813-91B3-7D11-3220E40BEF4A}
		{F2850730-F3B9-4E32-B236-D69D425E8056} = {4F52FD11-658E-A102-6CD3-7D7C16FFA15B}
		{E9BE324D-147E-4C4B-B58B-8A005BBCE41E} = {DAD03CFC-D5FA-AC94-41C7-9ABAB326F09E}
		{C1DC66FE-5EE0-41F4-B792-09F73CF781A4} = {DAD03CFC-D5FA-AC94-41C7-9ABAB326F09E}
		{DC6C75BD-80AF-47F2-A713-B7A694C4FD23} = {DAD03CFC-D5FA-AC94-41C7-9ABAB326F09E}
		{C97FDCCE-D1B7-4014-BF7B-339BCDC939A7} = {DAD03CFC-D5FA-AC94-41C7-9ABAB326F09E}
		{8189F4BB-30AD-4969-9051-7178C247965E} = {DAD03CFC-D5FA-AC94-41C7-9ABAB326F09E}
		{17332C35-59AE-41FC-A594-A0733B2D33BB} = {DAD03CFC-D5FA-AC94-41C7-9ABAB326F09E}
	EndGlobalSection
EndGlobal
