
Microsoft Visual Studio Solution File, Format Version 12.00
# Visual Studio Version 17
VisualStudioVersion = 17.0.31903.59
MinimumVisualStudioVersion = 10.0.40219.1
Project("{FAE04EC0-301F-11D3-BF4B-00C04F79EFBC}") = "CLI", "CLI\CLI.csproj", "{762390F9-22AF-44A0-BA3F-7F0C1BE320F8}"
EndProject
Project("{FAE04EC0-301F-11D3-BF4B-00C04F79EFBC}") = "Entities", "Entities\Entities.csproj", "{8CFBC59F-D212-47B7-8714-C8FAF48F72D3}"
EndProject
Project("{FAE04EC0-301F-11D3-BF4B-00C04F79EFBC}") = "InMemoryRepositories", "InMemoryRepositories\InMemoryRepositories.csproj", "{2DDCE6D5-57FE-455B-B9B1-4D299595B2FB}"
EndProject
Project("{FAE04EC0-301F-11D3-BF4B-00C04F79EFBC}") = "RepositoryContracts", "RepositoryContracts\RepositoryContracts.csproj", "{6335FBBE-7037-4E78-8C2D-BA0D2C51F8DD}"
EndProject
Project("{2150E333-8FDC-42A3-9474-1A3956D46DE8}") = "Shared", "Shared", "{4F52FD11-658E-A102-6CD3-7D7C16FFA15B}"
EndProject
Project("{2150E333-8FDC-42A3-9474-1A3956D46DE8}") = "ApiContracts", "ApiContracts", "{4EB83C7C-B7DB-717D-2A01-031D9CD05F92}"
EndProject
Project("{FAE04EC0-301F-11D3-BF4B-00C04F79EFBC}") = "ApiContracts.", "Shared\ApiContracts\ApiContracts..csproj", "{2C11050F-2155-4205-81ED-636AABFEFAAA}"
EndProject
Global
	GlobalSection(SolutionConfigurationPlatforms) = preSolution
		Debug|Any CPU = Debug|Any CPU
		Debug|x64 = Debug|x64
		Debug|x86 = Debug|x86
		Release|Any CPU = Release|Any CPU
		Release|x64 = Release|x64
		Release|x86 = Release|x86
	EndGlobalSection
	GlobalSection(ProjectConfigurationPlatforms) = postSolution
		{762390F9-22AF-44A0-BA3F-7F0C1BE320F8}.Debug|Any CPU.ActiveCfg = Debug|Any CPU
		{762390F9-22AF-44A0-BA3F-7F0C1BE320F8}.Debug|Any CPU.Build.0 = Debug|Any CPU
		{762390F9-22AF-44A0-BA3F-7F0C1BE320F8}.Debug|x64.ActiveCfg = Debug|Any CPU
		{762390F9-22AF-44A0-BA3F-7F0C1BE320F8}.Debug|x64.Build.0 = Debug|Any CPU
		{762390F9-22AF-44A0-BA3F-7F0C1BE320F8}.Debug|x86.ActiveCfg = Debug|Any CPU
		{762390F9-22AF-44A0-BA3F-7F0C1BE320F8}.Debug|x86.Build.0 = Debug|Any CPU
		{762390F9-22AF-44A0-BA3F-7F0C1BE320F8}.Release|Any CPU.ActiveCfg = Release|Any CPU
		{762390F9-22AF-44A0-BA3F-7F0C1BE320F8}.Release|Any CPU.Build.0 = Release|Any CPU
		{762390F9-22AF-44A0-BA3F-7F0C1BE320F8}.Release|x64.ActiveCfg = Release|Any CPU
		{762390F9-22AF-44A0-BA3F-7F0C1BE320F8}.Release|x64.Build.0 = Release|Any CPU
		{762390F9-22AF-44A0-BA3F-7F0C1BE320F8}.Release|x86.ActiveCfg = Release|Any CPU
		{762390F9-22AF-44A0-BA3F-7F0C1BE320F8}.Release|x86.Build.0 = Release|Any CPU
		{8CFBC59F-D212-47B7-8714-C8FAF48F72D3}.Debug|Any CPU.ActiveCfg = Debug|Any CPU
		{8CFBC59F-D212-47B7-8714-C8FAF48F72D3}.Debug|Any CPU.Build.0 = Debug|Any CPU
		{8CFBC59F-D212-47B7-8714-C8FAF48F72D3}.Debug|x64.ActiveCfg = Debug|Any CPU
		{8CFBC59F-D212-47B7-8714-C8FAF48F72D3}.Debug|x64.Build.0 = Debug|Any CPU
		{8CFBC59F-D212-47B7-8714-C8FAF48F72D3}.Debug|x86.ActiveCfg = Debug|Any CPU
		{8CFBC59F-D212-47B7-8714-C8FAF48F72D3}.Debug|x86.Build.0 = Debug|Any CPU
		{8CFBC59F-D212-47B7-8714-C8FAF48F72D3}.Release|Any CPU.ActiveCfg = Release|Any CPU
		{8CFBC59F-D212-47B7-8714-C8FAF48F72D3}.Release|Any CPU.Build.0 = Release|Any CPU
		{8CFBC59F-D212-47B7-8714-C8FAF48F72D3}.Release|x64.ActiveCfg = Release|Any CPU
		{8CFBC59F-D212-47B7-8714-C8FAF48F72D3}.Release|x64.Build.0 = Release|Any CPU
		{8CFBC59F-D212-47B7-8714-C8FAF48F72D3}.Release|x86.ActiveCfg = Release|Any CPU
		{8CFBC59F-D212-47B7-8714-C8FAF48F72D3}.Release|x86.Build.0 = Release|Any CPU
		{2DDCE6D5-57FE-455B-B9B1-4D299595B2FB}.Debug|Any CPU.ActiveCfg = Debug|Any CPU
		{2DDCE6D5-57FE-455B-B9B1-4D299595B2FB}.Debug|Any CPU.Build.0 = Debug|Any CPU
		{2DDCE6D5-57FE-455B-B9B1-4D299595B2FB}.Debug|x64.ActiveCfg = Debug|Any CPU
		{2DDCE6D5-57FE-455B-B9B1-4D299595B2FB}.Debug|x64.Build.0 = Debug|Any CPU
		{2DDCE6D5-57FE-455B-B9B1-4D299595B2FB}.Debug|x86.ActiveCfg = Debug|Any CPU
		{2DDCE6D5-57FE-455B-B9B1-4D299595B2FB}.Debug|x86.Build.0 = Debug|Any CPU
		{2DDCE6D5-57FE-455B-B9B1-4D299595B2FB}.Release|Any CPU.ActiveCfg = Release|Any CPU
		{2DDCE6D5-57FE-455B-B9B1-4D299595B2FB}.Release|Any CPU.Build.0 = Release|Any CPU
		{2DDCE6D5-57FE-455B-B9B1-4D299595B2FB}.Release|x64.ActiveCfg = Release|Any CPU
		{2DDCE6D5-57FE-455B-B9B1-4D299595B2FB}.Release|x64.Build.0 = Release|Any CPU
		{2DDCE6D5-57FE-455B-B9B1-4D299595B2FB}.Release|x86.ActiveCfg = Release|Any CPU
		{2DDCE6D5-57FE-455B-B9B1-4D299595B2FB}.Release|x86.Build.0 = Release|Any CPU
		{6335FBBE-7037-4E78-8C2D-BA0D2C51F8DD}.Debug|Any CPU.ActiveCfg = Debug|Any CPU
		{6335FBBE-7037-4E78-8C2D-BA0D2C51F8DD}.Debug|Any CPU.Build.0 = Debug|Any CPU
		{6335FBBE-7037-4E78-8C2D-BA0D2C51F8DD}.Debug|x64.ActiveCfg = Debug|Any CPU
		{6335FBBE-7037-4E78-8C2D-BA0D2C51F8DD}.Debug|x64.Build.0 = Debug|Any CPU
		{6335FBBE-7037-4E78-8C2D-BA0D2C51F8DD}.Debug|x86.ActiveCfg = Debug|Any CPU
		{6335FBBE-7037-4E78-8C2D-BA0D2C51F8DD}.Debug|x86.Build.0 = Debug|Any CPU
		{6335FBBE-7037-4E78-8C2D-BA0D2C51F8DD}.Release|Any CPU.ActiveCfg = Release|Any CPU
		{6335FBBE-7037-4E78-8C2D-BA0D2C51F8DD}.Release|Any CPU.Build.0 = Release|Any CPU
		{6335FBBE-7037-4E78-8C2D-BA0D2C51F8DD}.Release|x64.ActiveCfg = Release|Any CPU
		{6335FBBE-7037-4E78-8C2D-BA0D2C51F8DD}.Release|x64.Build.0 = Release|Any CPU
		{6335FBBE-7037-4E78-8C2D-BA0D2C51F8DD}.Release|x86.ActiveCfg = Release|Any CPU
		{6335FBBE-7037-4E78-8C2D-BA0D2C51F8DD}.Release|x86.Build.0 = Release|Any CPU
		{2C11050F-2155-4205-81ED-636AABFEFAAA}.Debug|Any CPU.ActiveCfg = Debug|Any CPU
		{2C11050F-2155-4205-81ED-636AABFEFAAA}.Debug|Any CPU.Build.0 = Debug|Any CPU
		{2C11050F-2155-4205-81ED-636AABFEFAAA}.Debug|x64.ActiveCfg = Debug|Any CPU
		{2C11050F-2155-4205-81ED-636AABFEFAAA}.Debug|x64.Build.0 = Debug|Any CPU
		{2C11050F-2155-4205-81ED-636AABFEFAAA}.Debug|x86.ActiveCfg = Debug|Any CPU
		{2C11050F-2155-4205-81ED-636AABFEFAAA}.Debug|x86.Build.0 = Debug|Any CPU
		{2C11050F-2155-4205-81ED-636AABFEFAAA}.Release|Any CPU.ActiveCfg = Release|Any CPU
		{2C11050F-2155-4205-81ED-636AABFEFAAA}.Release|Any CPU.Build.0 = Release|Any CPU
		{2C11050F-2155-4205-81ED-636AABFEFAAA}.Release|x64.ActiveCfg = Release|Any CPU
		{2C11050F-2155-4205-81ED-636AABFEFAAA}.Release|x64.Build.0 = Release|Any CPU
		{2C11050F-2155-4205-81ED-636AABFEFAAA}.Release|x86.ActiveCfg = Release|Any CPU
		{2C11050F-2155-4205-81ED-636AABFEFAAA}.Release|x86.Build.0 = Release|Any CPU
	EndGlobalSection
	GlobalSection(SolutionProperties) = preSolution
		HideSolutionNode = FALSE
	EndGlobalSection
	GlobalSection(NestedProjects) = preSolution
		{4EB83C7C-B7DB-717D-2A01-031D9CD05F92} = {4F52FD11-658E-A102-6CD3-7D7C16FFA15B}
		{2C11050F-2155-4205-81ED-636AABFEFAAA} = {4EB83C7C-B7DB-717D-2A01-031D9CD05F92}
	EndGlobalSection
EndGlobal
